
Microsoft Visual Studio Solution File, Format Version 12.00
# Visual Studio Version 17
VisualStudioVersion = 17.11.35431.28
MinimumVisualStudioVersion = 10.0.40219.1
Project("{9A19103F-16F7-4668-BE54-9A1E7A4F7556}") = "VakantieVerblijven.DatalLoader", "VakantieVerblijven.DatalLoader\VakantieVerblijven.DatalLoader.csproj", "{5B9B1F41-B371-4F41-A0CC-E8CBDAC5A1F6}"
EndProject
Project("{FAE04EC0-301F-11D3-BF4B-00C04F79EFBC}") = "VakantieVerblijven.StartUp", "VakantieVerblijven.StartUp\VakantieVerblijven.StartUp.csproj", "{B9554218-6F04-4598-A578-DBB549145B41}"
EndProject
Project("{FAE04EC0-301F-11D3-BF4B-00C04F79EFBC}") = "VakantieVerblijven.Presentation", "VakantieVerblijven.Presentation\VakantieVerblijven.Presentation.csproj", "{5AEC6A8F-6CBE-4D4B-BF00-2811D000C34A}"
EndProject
Project("{FAE04EC0-301F-11D3-BF4B-00C04F79EFBC}") = "VakantieVerblijven.Persistence", "VakantieVerblijven.Persistence\VakantieVerblijven.Persistence.csproj", "{4B8799E5-6D16-4ADD-A7A5-25DDD53F29A5}"
EndProject
Project("{FAE04EC0-301F-11D3-BF4B-00C04F79EFBC}") = "VakantieVerblijven.Domain", "VakantieVerblijven.Domain\VakantieVerblijven.Domain.csproj", "{81BA389C-71C7-4262-8DE4-BA7662B008D5}"
EndProject
Global
	GlobalSection(SolutionConfigurationPlatforms) = preSolution
		Debug|Any CPU = Debug|Any CPU
		Release|Any CPU = Release|Any CPU
	EndGlobalSection
	GlobalSection(ProjectConfigurationPlatforms) = postSolution
		{5B9B1F41-B371-4F41-A0CC-E8CBDAC5A1F6}.Debug|Any CPU.ActiveCfg = Debug|Any CPU
		{5B9B1F41-B371-4F41-A0CC-E8CBDAC5A1F6}.Debug|Any CPU.Build.0 = Debug|Any CPU
		{5B9B1F41-B371-4F41-A0CC-E8CBDAC5A1F6}.Release|Any CPU.ActiveCfg = Release|Any CPU
		{5B9B1F41-B371-4F41-A0CC-E8CBDAC5A1F6}.Release|Any CPU.Build.0 = Release|Any CPU
		{B9554218-6F04-4598-A578-DBB549145B41}.Debug|Any CPU.ActiveCfg = Debug|Any CPU
		{B9554218-6F04-4598-A578-DBB549145B41}.Debug|Any CPU.Build.0 = Debug|Any CPU
		{B9554218-6F04-4598-A578-DBB549145B41}.Release|Any CPU.ActiveCfg = Release|Any CPU
		{B9554218-6F04-4598-A578-DBB549145B41}.Release|Any CPU.Build.0 = Release|Any CPU
		{5AEC6A8F-6CBE-4D4B-BF00-2811D000C34A}.Debug|Any CPU.ActiveCfg = Debug|Any CPU
		{5AEC6A8F-6CBE-4D4B-BF00-2811D000C34A}.Debug|Any CPU.Build.0 = Debug|Any CPU
		{5AEC6A8F-6CBE-4D4B-BF00-2811D000C34A}.Release|Any CPU.ActiveCfg = Release|Any CPU
		{5AEC6A8F-6CBE-4D4B-BF00-2811D000C34A}.Release|Any CPU.Build.0 = Release|Any CPU
		{4B8799E5-6D16-4ADD-A7A5-25DDD53F29A5}.Debug|Any CPU.ActiveCfg = Debug|Any CPU
		{4B8799E5-6D16-4ADD-A7A5-25DDD53F29A5}.Debug|Any CPU.Build.0 = Debug|Any CPU
		{4B8799E5-6D16-4ADD-A7A5-25DDD53F29A5}.Release|Any CPU.ActiveCfg = Release|Any CPU
		{4B8799E5-6D16-4ADD-A7A5-25DDD53F29A5}.Release|Any CPU.Build.0 = Release|Any CPU
		{81BA389C-71C7-4262-8DE4-BA7662B008D5}.Debug|Any CPU.ActiveCfg = Debug|Any CPU
		{81BA389C-71C7-4262-8DE4-BA7662B008D5}.Debug|Any CPU.Build.0 = Debug|Any CPU
		{81BA389C-71C7-4262-8DE4-BA7662B008D5}.Release|Any CPU.ActiveCfg = Release|Any CPU
		{81BA389C-71C7-4262-8DE4-BA7662B008D5}.Release|Any CPU.Build.0 = Release|Any CPU
	EndGlobalSection
	GlobalSection(SolutionProperties) = preSolution
		HideSolutionNode = FALSE
	EndGlobalSection
	GlobalSection(ExtensibilityGlobals) = postSolution
		SolutionGuid = {B114DC6B-D4DC-4D01-B335-81B17B3E5FE2}
	EndGlobalSection
EndGlobal
