
Microsoft Visual Studio Solution File, Format Version 12.00
# Visual Studio Version 17
VisualStudioVersion = 17.11.35431.28
MinimumVisualStudioVersion = 10.0.40219.1
Project("{FAE04EC0-301F-11D3-BF4B-00C04F79EFBC}") = "VakantieVerblijven.StartUp", "VakantieVerblijven.StartUp\VakantieVerblijven.StartUp.csproj", "{453F0FF4-DE1A-4D76-A76B-0705E81F0CFF}"
EndProject
Project("{FAE04EC0-301F-11D3-BF4B-00C04F79EFBC}") = "VakantieVerblijven.Presentation", "VakantieVerblijven.Presentation\VakantieVerblijven.Presentation.csproj", "{2D50CA28-6E7B-44EA-91B9-66FCDFB838C2}"
EndProject
Project("{FAE04EC0-301F-11D3-BF4B-00C04F79EFBC}") = "VakantieVerblijven.Persistence", "VakantieVerblijven.Persistence\VakantieVerblijven.Persistence.csproj", "{75C0A1C9-C640-48F3-BD45-9458A91E158C}"
EndProject
Project("{FAE04EC0-301F-11D3-BF4B-00C04F79EFBC}") = "VakantieVerblijven.Domain", "VakantieVerblijven.Domain\VakantieVerblijven.Domain.csproj", "{AC1CED10-F4D9-404E-9666-B119E20D60D2}"
EndProject
Global
	GlobalSection(SolutionConfigurationPlatforms) = preSolution
		Debug|Any CPU = Debug|Any CPU
		Release|Any CPU = Release|Any CPU
	EndGlobalSection
	GlobalSection(ProjectConfigurationPlatforms) = postSolution
		{453F0FF4-DE1A-4D76-A76B-0705E81F0CFF}.Debug|Any CPU.ActiveCfg = Debug|Any CPU
		{453F0FF4-DE1A-4D76-A76B-0705E81F0CFF}.Debug|Any CPU.Build.0 = Debug|Any CPU
		{453F0FF4-DE1A-4D76-A76B-0705E81F0CFF}.Release|Any CPU.ActiveCfg = Release|Any CPU
		{453F0FF4-DE1A-4D76-A76B-0705E81F0CFF}.Release|Any CPU.Build.0 = Release|Any CPU
		{2D50CA28-6E7B-44EA-91B9-66FCDFB838C2}.Debug|Any CPU.ActiveCfg = Debug|Any CPU
		{2D50CA28-6E7B-44EA-91B9-66FCDFB838C2}.Debug|Any CPU.Build.0 = Debug|Any CPU
		{2D50CA28-6E7B-44EA-91B9-66FCDFB838C2}.Release|Any CPU.ActiveCfg = Release|Any CPU
		{2D50CA28-6E7B-44EA-91B9-66FCDFB838C2}.Release|Any CPU.Build.0 = Release|Any CPU
		{75C0A1C9-C640-48F3-BD45-9458A91E158C}.Debug|Any CPU.ActiveCfg = Debug|Any CPU
		{75C0A1C9-C640-48F3-BD45-9458A91E158C}.Debug|Any CPU.Build.0 = Debug|Any CPU
		{75C0A1C9-C640-48F3-BD45-9458A91E158C}.Release|Any CPU.ActiveCfg = Release|Any CPU
		{75C0A1C9-C640-48F3-BD45-9458A91E158C}.Release|Any CPU.Build.0 = Release|Any CPU
		{AC1CED10-F4D9-404E-9666-B119E20D60D2}.Debug|Any CPU.ActiveCfg = Debug|Any CPU
		{AC1CED10-F4D9-404E-9666-B119E20D60D2}.Debug|Any CPU.Build.0 = Debug|Any CPU
		{AC1CED10-F4D9-404E-9666-B119E20D60D2}.Release|Any CPU.ActiveCfg = Release|Any CPU
		{AC1CED10-F4D9-404E-9666-B119E20D60D2}.Release|Any CPU.Build.0 = Release|Any CPU
	EndGlobalSection
	GlobalSection(SolutionProperties) = preSolution
		HideSolutionNode = FALSE
	EndGlobalSection
	GlobalSection(ExtensibilityGlobals) = postSolution
		SolutionGuid = {B114DC6B-D4DC-4D01-B335-81B17B3E5FE2}
	EndGlobalSection
EndGlobal
